
Microsoft Visual Studio Solution File, Format Version 12.00
# Visual Studio 15
VisualStudioVersion = 15.0.27130.2027
MinimumVisualStudioVersion = 10.0.40219.1
Project("{FAE04EC0-301F-11D3-BF4B-00C04F79EFBC}") = "EDD_LAB02_1252016_1053016", "EDD_LAB02_1252016_1053016\EDD_LAB02_1252016_1053016.csproj", "{6BD68CE4-62FD-4F7C-A5CB-6080A5C520C6}"
EndProject
Global
	GlobalSection(SolutionConfigurationPlatforms) = preSolution
		Debug|Any CPU = Debug|Any CPU
		Release|Any CPU = Release|Any CPU
	EndGlobalSection
	GlobalSection(ProjectConfigurationPlatforms) = postSolution
		{6BD68CE4-62FD-4F7C-A5CB-6080A5C520C6}.Debug|Any CPU.ActiveCfg = Debug|Any CPU
		{6BD68CE4-62FD-4F7C-A5CB-6080A5C520C6}.Debug|Any CPU.Build.0 = Debug|Any CPU
		{6BD68CE4-62FD-4F7C-A5CB-6080A5C520C6}.Release|Any CPU.ActiveCfg = Release|Any CPU
		{6BD68CE4-62FD-4F7C-A5CB-6080A5C520C6}.Release|Any CPU.Build.0 = Release|Any CPU
	EndGlobalSection
	GlobalSection(SolutionProperties) = preSolution
		HideSolutionNode = FALSE
	EndGlobalSection
	GlobalSection(ExtensibilityGlobals) = postSolution
		SolutionGuid = {F89E780F-3B7A-46F3-8A84-82B88EC001F9}
	EndGlobalSection
EndGlobal
